
Microsoft Visual Studio Solution File, Format Version 12.00
# Visual Studio Version 17
VisualStudioVersion = 17.7.34031.279
MinimumVisualStudioVersion = 10.0.40219.1
Project("{2150E333-8FDC-42A3-9474-1A3956D46DE8}") = "Framework", "Framework", "{DA098E65-91CF-485F-BA1C-B86743D9DA36}"
EndProject
Project("{9A19103F-16F7-4668-BE54-9A1E7A4F7556}") = "Framework.ApplicationService", "Framework\Framework.ApplicationService\Framework.ApplicationService.csproj", "{930919D0-5AA6-4F80-9D0E-275250698F6F}"
EndProject
Project("{9A19103F-16F7-4668-BE54-9A1E7A4F7556}") = "Framework.Core", "Framework\Framework.Core\Framework.Core.csproj", "{760B549A-37AB-4673-BA6D-41BD2DC01C74}"
EndProject
Project("{9A19103F-16F7-4668-BE54-9A1E7A4F7556}") = "Framework.DependencyInjection", "Framework\Framework.DependencyInjection\Framework.DependencyInjection.csproj", "{B0AF600C-3653-46C7-AAC0-25DBE34BEE4A}"
EndProject
Project("{9A19103F-16F7-4668-BE54-9A1E7A4F7556}") = "Framework.Domain", "Framework\Framework.Domain\Framework.Domain.csproj", "{48EE032D-76A9-4AFB-A8EA-CE1C35423DC6}"
EndProject
Project("{9A19103F-16F7-4668-BE54-9A1E7A4F7556}") = "Framework.Facade", "Framework\Framework.Facade\Framework.Facade.csproj", "{EDC60753-C4C9-4083-8BB2-BED40BF0BB44}"
EndProject
Project("{9A19103F-16F7-4668-BE54-9A1E7A4F7556}") = "Framework.Persistence", "Framework\Framework.Persistence\Framework.Persistence.csproj", "{E0240C24-D2B6-4702-A74E-D26E192815ED}"
EndProject
Project("{9A19103F-16F7-4668-BE54-9A1E7A4F7556}") = "Framework.ReadModel", "Framework\Framework.ReadModel\Framework.ReadModel.csproj", "{226EBD4E-30F3-4013-AEBD-F0CFA37D273B}"
EndProject
Project("{9A19103F-16F7-4668-BE54-9A1E7A4F7556}") = "Framework.Web", "Framework\Framework.Web\Framework.Web.csproj", "{FB9776BC-BE9E-4A1D-832F-16532B3FA4CC}"
EndProject
Project("{9A19103F-16F7-4668-BE54-9A1E7A4F7556}") = "Framework.Utility", "Framework\Framework.Utility\Framework.Utility.csproj", "{96C69397-08E1-4C60-87F7-4D62909AD6EE}"
EndProject
Project("{2150E333-8FDC-42A3-9474-1A3956D46DE8}") = "Read", "Read", "{C00570EF-48AC-48FB-A576-D6D73AF83A09}"
EndProject
Project("{2150E333-8FDC-42A3-9474-1A3956D46DE8}") = "Write", "Write", "{46D5F470-D426-42B6-81D2-0A570CC09C53}"
EndProject
Project("{2150E333-8FDC-42A3-9474-1A3956D46DE8}") = "Api", "Api", "{54ED3C4F-EEF9-42E6-8720-4B5BD9DE085C}"
EndProject
Project("{2150E333-8FDC-42A3-9474-1A3956D46DE8}") = "Domain", "Domain", "{F8C5A2F6-1642-4447-BB48-9A0C8A34DC65}"
EndProject
Project("{2150E333-8FDC-42A3-9474-1A3956D46DE8}") = "Application", "Application", "{9B496286-2825-4D30-8D55-5036F94BDD83}"
EndProject
Project("{2150E333-8FDC-42A3-9474-1A3956D46DE8}") = "Facade", "Facade", "{D89B4068-63E3-4C12-B252-C89FCE5CEBE9}"
EndProject
Project("{2150E333-8FDC-42A3-9474-1A3956D46DE8}") = "Infrastruture", "Infrastruture", "{F136FA48-7613-4005-9BE6-981BF2FFD87E}"
EndProject
Project("{9A19103F-16F7-4668-BE54-9A1E7A4F7556}") = "HeseTazegi.Domain", "Write\HeseTazegi.Domain\HeseTazegi.Domain.csproj", "{B8EFDFCB-20D8-4FF2-B3DD-E221A4038D69}"
EndProject
Project("{9A19103F-16F7-4668-BE54-9A1E7A4F7556}") = "HeseTazegi.Domain.Tests", "Write\HeseTazegi.Domain.Tests\HeseTazegi.Domain.Tests.csproj", "{E4E885EF-DB91-4A02-862F-0DD1BB1FA9D2}"
EndProject
Project("{9A19103F-16F7-4668-BE54-9A1E7A4F7556}") = "HeseTazegi.Application", "Write\HeseTazegi.Application\HeseTazegi.Application.csproj", "{90BCE43D-D875-4F9C-BC03-32439B3228EC}"
EndProject
Project("{9A19103F-16F7-4668-BE54-9A1E7A4F7556}") = "HeseTazegi.Application.Contracts", "Write\HeseTazegi.Application.Contracts\HeseTazegi.Application.Contracts.csproj", "{5C04C02A-4D49-450A-B8BF-16494F9AD2ED}"
EndProject
Project("{9A19103F-16F7-4668-BE54-9A1E7A4F7556}") = "HeseTazegi.Facade", "Write\HeseTazegi.Facade\HeseTazegi.Facade.csproj", "{CDCDF3F9-04FC-477B-A010-0000B8150DD6}"
EndProject
Project("{9A19103F-16F7-4668-BE54-9A1E7A4F7556}") = "HeseTazegi.Facade.Contracts", "Write\HeseTazegi.Facade.Contracts\HeseTazegi.Facade.Contracts.csproj", "{DCF6F313-F5B8-4E0E-B828-9C140813C5F8}"
EndProject
Project("{9A19103F-16F7-4668-BE54-9A1E7A4F7556}") = "HeseTazegi.Database", "Write\HeseTazegi.Database\HeseTazegi.Database.csproj", "{44E9AEEE-72A8-4872-A748-5FC3F6A5EFF7}"
EndProject
Project("{9A19103F-16F7-4668-BE54-9A1E7A4F7556}") = "HeseTazegi.Persistence", "Write\HeseTazegi.Persistence\HeseTazegi.Persistence.csproj", "{89EB130C-4236-406E-884B-5ED05E04783C}"
EndProject
Project("{9A19103F-16F7-4668-BE54-9A1E7A4F7556}") = "HeseTazegi.Resources", "Write\HeseTazegi.Resources\HeseTazegi.Resources.csproj", "{FED752C4-648B-4621-915F-903127211583}"
EndProject
Project("{9A19103F-16F7-4668-BE54-9A1E7A4F7556}") = "HeseTazegi.Domain.Services", "Write\HeseTazegi.Domain.Services\HeseTazegi.Domain.Services.csproj", "{FCCBC6E9-7932-4F70-98A6-62B08C8CFDAA}"
EndProject
Project("{9A19103F-16F7-4668-BE54-9A1E7A4F7556}") = "HeseTazegi.WebApi", "Api\HeseTazegi.WebApi\HeseTazegi.WebApi.csproj", "{753A8A85-97F7-4096-82A2-8A2BC01F5DFE}"
EndProject
Project("{9A19103F-16F7-4668-BE54-9A1E7A4F7556}") = "HeseTazegi.Read.Context", "Read\HeseTazegi.Read.Context\HeseTazegi.Read.Context.csproj", "{0F8139BB-14CB-405E-8E8C-9552711BB137}"
EndProject
Project("{9A19103F-16F7-4668-BE54-9A1E7A4F7556}") = "HeseTazegi.Read.Queries.Contracts", "Read\HeseTazegi.Read.Queries.Contracts\HeseTazegi.Read.Queries.Contracts.csproj", "{52ABB26D-8EF3-4874-99B5-198D6B71ED11}"
EndProject
Project("{9A19103F-16F7-4668-BE54-9A1E7A4F7556}") = "HeseTazegi.Read.Queries.Handlers", "Read\HeseTazegi.Read.Queries.Handlers\HeseTazegi.Read.Queries.Handlers.csproj", "{62785EC2-56B9-48AB-A8CC-D95F62148FB8}"
EndProject
Project("{E53339B2-1760-4266-BCC7-CA923CBCF16C}") = "docker-compose", "docker-compose.dcproj", "{B148B298-CCBA-40F5-A3AC-AB4F63119A18}"
EndProject
Global
	GlobalSection(SolutionConfigurationPlatforms) = preSolution
		Debug|Any CPU = Debug|Any CPU
		Release|Any CPU = Release|Any CPU
	EndGlobalSection
	GlobalSection(ProjectConfigurationPlatforms) = postSolution
		{930919D0-5AA6-4F80-9D0E-275250698F6F}.Debug|Any CPU.ActiveCfg = Debug|Any CPU
		{930919D0-5AA6-4F80-9D0E-275250698F6F}.Debug|Any CPU.Build.0 = Debug|Any CPU
		{930919D0-5AA6-4F80-9D0E-275250698F6F}.Release|Any CPU.ActiveCfg = Release|Any CPU
		{930919D0-5AA6-4F80-9D0E-275250698F6F}.Release|Any CPU.Build.0 = Release|Any CPU
		{760B549A-37AB-4673-BA6D-41BD2DC01C74}.Debug|Any CPU.ActiveCfg = Debug|Any CPU
		{760B549A-37AB-4673-BA6D-41BD2DC01C74}.Debug|Any CPU.Build.0 = Debug|Any CPU
		{760B549A-37AB-4673-BA6D-41BD2DC01C74}.Release|Any CPU.ActiveCfg = Release|Any CPU
		{760B549A-37AB-4673-BA6D-41BD2DC01C74}.Release|Any CPU.Build.0 = Release|Any CPU
		{B0AF600C-3653-46C7-AAC0-25DBE34BEE4A}.Debug|Any CPU.ActiveCfg = Debug|Any CPU
		{B0AF600C-3653-46C7-AAC0-25DBE34BEE4A}.Debug|Any CPU.Build.0 = Debug|Any CPU
		{B0AF600C-3653-46C7-AAC0-25DBE34BEE4A}.Release|Any CPU.ActiveCfg = Release|Any CPU
		{B0AF600C-3653-46C7-AAC0-25DBE34BEE4A}.Release|Any CPU.Build.0 = Release|Any CPU
		{48EE032D-76A9-4AFB-A8EA-CE1C35423DC6}.Debug|Any CPU.ActiveCfg = Debug|Any CPU
		{48EE032D-76A9-4AFB-A8EA-CE1C35423DC6}.Debug|Any CPU.Build.0 = Debug|Any CPU
		{48EE032D-76A9-4AFB-A8EA-CE1C35423DC6}.Release|Any CPU.ActiveCfg = Release|Any CPU
		{48EE032D-76A9-4AFB-A8EA-CE1C35423DC6}.Release|Any CPU.Build.0 = Release|Any CPU
		{EDC60753-C4C9-4083-8BB2-BED40BF0BB44}.Debug|Any CPU.ActiveCfg = Debug|Any CPU
		{EDC60753-C4C9-4083-8BB2-BED40BF0BB44}.Debug|Any CPU.Build.0 = Debug|Any CPU
		{EDC60753-C4C9-4083-8BB2-BED40BF0BB44}.Release|Any CPU.ActiveCfg = Release|Any CPU
		{EDC60753-C4C9-4083-8BB2-BED40BF0BB44}.Release|Any CPU.Build.0 = Release|Any CPU
		{E0240C24-D2B6-4702-A74E-D26E192815ED}.Debug|Any CPU.ActiveCfg = Debug|Any CPU
		{E0240C24-D2B6-4702-A74E-D26E192815ED}.Debug|Any CPU.Build.0 = Debug|Any CPU
		{E0240C24-D2B6-4702-A74E-D26E192815ED}.Release|Any CPU.ActiveCfg = Release|Any CPU
		{E0240C24-D2B6-4702-A74E-D26E192815ED}.Release|Any CPU.Build.0 = Release|Any CPU
		{226EBD4E-30F3-4013-AEBD-F0CFA37D273B}.Debug|Any CPU.ActiveCfg = Debug|Any CPU
		{226EBD4E-30F3-4013-AEBD-F0CFA37D273B}.Debug|Any CPU.Build.0 = Debug|Any CPU
		{226EBD4E-30F3-4013-AEBD-F0CFA37D273B}.Release|Any CPU.ActiveCfg = Release|Any CPU
		{226EBD4E-30F3-4013-AEBD-F0CFA37D273B}.Release|Any CPU.Build.0 = Release|Any CPU
		{FB9776BC-BE9E-4A1D-832F-16532B3FA4CC}.Debug|Any CPU.ActiveCfg = Debug|Any CPU
		{FB9776BC-BE9E-4A1D-832F-16532B3FA4CC}.Debug|Any CPU.Build.0 = Debug|Any CPU
		{FB9776BC-BE9E-4A1D-832F-16532B3FA4CC}.Release|Any CPU.ActiveCfg = Release|Any CPU
		{FB9776BC-BE9E-4A1D-832F-16532B3FA4CC}.Release|Any CPU.Build.0 = Release|Any CPU
		{96C69397-08E1-4C60-87F7-4D62909AD6EE}.Debug|Any CPU.ActiveCfg = Debug|Any CPU
		{96C69397-08E1-4C60-87F7-4D62909AD6EE}.Debug|Any CPU.Build.0 = Debug|Any CPU
		{96C69397-08E1-4C60-87F7-4D62909AD6EE}.Release|Any CPU.ActiveCfg = Release|Any CPU
		{96C69397-08E1-4C60-87F7-4D62909AD6EE}.Release|Any CPU.Build.0 = Release|Any CPU
		{B8EFDFCB-20D8-4FF2-B3DD-E221A4038D69}.Debug|Any CPU.ActiveCfg = Debug|Any CPU
		{B8EFDFCB-20D8-4FF2-B3DD-E221A4038D69}.Debug|Any CPU.Build.0 = Debug|Any CPU
		{B8EFDFCB-20D8-4FF2-B3DD-E221A4038D69}.Release|Any CPU.ActiveCfg = Release|Any CPU
		{B8EFDFCB-20D8-4FF2-B3DD-E221A4038D69}.Release|Any CPU.Build.0 = Release|Any CPU
		{E4E885EF-DB91-4A02-862F-0DD1BB1FA9D2}.Debug|Any CPU.ActiveCfg = Debug|Any CPU
		{E4E885EF-DB91-4A02-862F-0DD1BB1FA9D2}.Debug|Any CPU.Build.0 = Debug|Any CPU
		{E4E885EF-DB91-4A02-862F-0DD1BB1FA9D2}.Release|Any CPU.ActiveCfg = Release|Any CPU
		{E4E885EF-DB91-4A02-862F-0DD1BB1FA9D2}.Release|Any CPU.Build.0 = Release|Any CPU
		{90BCE43D-D875-4F9C-BC03-32439B3228EC}.Debug|Any CPU.ActiveCfg = Debug|Any CPU
		{90BCE43D-D875-4F9C-BC03-32439B3228EC}.Debug|Any CPU.Build.0 = Debug|Any CPU
		{90BCE43D-D875-4F9C-BC03-32439B3228EC}.Release|Any CPU.ActiveCfg = Release|Any CPU
		{90BCE43D-D875-4F9C-BC03-32439B3228EC}.Release|Any CPU.Build.0 = Release|Any CPU
		{5C04C02A-4D49-450A-B8BF-16494F9AD2ED}.Debug|Any CPU.ActiveCfg = Debug|Any CPU
		{5C04C02A-4D49-450A-B8BF-16494F9AD2ED}.Debug|Any CPU.Build.0 = Debug|Any CPU
		{5C04C02A-4D49-450A-B8BF-16494F9AD2ED}.Release|Any CPU.ActiveCfg = Release|Any CPU
		{5C04C02A-4D49-450A-B8BF-16494F9AD2ED}.Release|Any CPU.Build.0 = Release|Any CPU
		{CDCDF3F9-04FC-477B-A010-0000B8150DD6}.Debug|Any CPU.ActiveCfg = Debug|Any CPU
		{CDCDF3F9-04FC-477B-A010-0000B8150DD6}.Debug|Any CPU.Build.0 = Debug|Any CPU
		{CDCDF3F9-04FC-477B-A010-0000B8150DD6}.Release|Any CPU.ActiveCfg = Release|Any CPU
		{CDCDF3F9-04FC-477B-A010-0000B8150DD6}.Release|Any CPU.Build.0 = Release|Any CPU
		{DCF6F313-F5B8-4E0E-B828-9C140813C5F8}.Debug|Any CPU.ActiveCfg = Debug|Any CPU
		{DCF6F313-F5B8-4E0E-B828-9C140813C5F8}.Debug|Any CPU.Build.0 = Debug|Any CPU
		{DCF6F313-F5B8-4E0E-B828-9C140813C5F8}.Release|Any CPU.ActiveCfg = Release|Any CPU
		{DCF6F313-F5B8-4E0E-B828-9C140813C5F8}.Release|Any CPU.Build.0 = Release|Any CPU
		{44E9AEEE-72A8-4872-A748-5FC3F6A5EFF7}.Debug|Any CPU.ActiveCfg = Debug|Any CPU
		{44E9AEEE-72A8-4872-A748-5FC3F6A5EFF7}.Debug|Any CPU.Build.0 = Debug|Any CPU
		{44E9AEEE-72A8-4872-A748-5FC3F6A5EFF7}.Release|Any CPU.ActiveCfg = Release|Any CPU
		{44E9AEEE-72A8-4872-A748-5FC3F6A5EFF7}.Release|Any CPU.Build.0 = Release|Any CPU
		{89EB130C-4236-406E-884B-5ED05E04783C}.Debug|Any CPU.ActiveCfg = Debug|Any CPU
		{89EB130C-4236-406E-884B-5ED05E04783C}.Debug|Any CPU.Build.0 = Debug|Any CPU
		{89EB130C-4236-406E-884B-5ED05E04783C}.Release|Any CPU.ActiveCfg = Release|Any CPU
		{89EB130C-4236-406E-884B-5ED05E04783C}.Release|Any CPU.Build.0 = Release|Any CPU
		{FED752C4-648B-4621-915F-903127211583}.Debug|Any CPU.ActiveCfg = Debug|Any CPU
		{FED752C4-648B-4621-915F-903127211583}.Debug|Any CPU.Build.0 = Debug|Any CPU
		{FED752C4-648B-4621-915F-903127211583}.Release|Any CPU.ActiveCfg = Release|Any CPU
		{FED752C4-648B-4621-915F-903127211583}.Release|Any CPU.Build.0 = Release|Any CPU
		{FCCBC6E9-7932-4F70-98A6-62B08C8CFDAA}.Debug|Any CPU.ActiveCfg = Debug|Any CPU
		{FCCBC6E9-7932-4F70-98A6-62B08C8CFDAA}.Debug|Any CPU.Build.0 = Debug|Any CPU
		{FCCBC6E9-7932-4F70-98A6-62B08C8CFDAA}.Release|Any CPU.ActiveCfg = Release|Any CPU
		{FCCBC6E9-7932-4F70-98A6-62B08C8CFDAA}.Release|Any CPU.Build.0 = Release|Any CPU
		{753A8A85-97F7-4096-82A2-8A2BC01F5DFE}.Debug|Any CPU.ActiveCfg = Debug|Any CPU
		{753A8A85-97F7-4096-82A2-8A2BC01F5DFE}.Debug|Any CPU.Build.0 = Debug|Any CPU
		{753A8A85-97F7-4096-82A2-8A2BC01F5DFE}.Release|Any CPU.ActiveCfg = Release|Any CPU
		{753A8A85-97F7-4096-82A2-8A2BC01F5DFE}.Release|Any CPU.Build.0 = Release|Any CPU
		{0F8139BB-14CB-405E-8E8C-9552711BB137}.Debug|Any CPU.ActiveCfg = Debug|Any CPU
		{0F8139BB-14CB-405E-8E8C-9552711BB137}.Debug|Any CPU.Build.0 = Debug|Any CPU
		{0F8139BB-14CB-405E-8E8C-9552711BB137}.Release|Any CPU.ActiveCfg = Release|Any CPU
		{0F8139BB-14CB-405E-8E8C-9552711BB137}.Release|Any CPU.Build.0 = Release|Any CPU
		{52ABB26D-8EF3-4874-99B5-198D6B71ED11}.Debug|Any CPU.ActiveCfg = Debug|Any CPU
		{52ABB26D-8EF3-4874-99B5-198D6B71ED11}.Debug|Any CPU.Build.0 = Debug|Any CPU
		{52ABB26D-8EF3-4874-99B5-198D6B71ED11}.Release|Any CPU.ActiveCfg = Release|Any CPU
		{52ABB26D-8EF3-4874-99B5-198D6B71ED11}.Release|Any CPU.Build.0 = Release|Any CPU
		{62785EC2-56B9-48AB-A8CC-D95F62148FB8}.Debug|Any CPU.ActiveCfg = Debug|Any CPU
		{62785EC2-56B9-48AB-A8CC-D95F62148FB8}.Debug|Any CPU.Build.0 = Debug|Any CPU
		{62785EC2-56B9-48AB-A8CC-D95F62148FB8}.Release|Any CPU.ActiveCfg = Release|Any CPU
		{62785EC2-56B9-48AB-A8CC-D95F62148FB8}.Release|Any CPU.Build.0 = Release|Any CPU
		{B148B298-CCBA-40F5-A3AC-AB4F63119A18}.Debug|Any CPU.ActiveCfg = Debug|Any CPU
		{B148B298-CCBA-40F5-A3AC-AB4F63119A18}.Debug|Any CPU.Build.0 = Debug|Any CPU
		{B148B298-CCBA-40F5-A3AC-AB4F63119A18}.Release|Any CPU.ActiveCfg = Release|Any CPU
		{B148B298-CCBA-40F5-A3AC-AB4F63119A18}.Release|Any CPU.Build.0 = Release|Any CPU
	EndGlobalSection
	GlobalSection(SolutionProperties) = preSolution
		HideSolutionNode = FALSE
	EndGlobalSection
	GlobalSection(NestedProjects) = preSolution
		{930919D0-5AA6-4F80-9D0E-275250698F6F} = {DA098E65-91CF-485F-BA1C-B86743D9DA36}
		{760B549A-37AB-4673-BA6D-41BD2DC01C74} = {DA098E65-91CF-485F-BA1C-B86743D9DA36}
		{B0AF600C-3653-46C7-AAC0-25DBE34BEE4A} = {DA098E65-91CF-485F-BA1C-B86743D9DA36}
		{48EE032D-76A9-4AFB-A8EA-CE1C35423DC6} = {DA098E65-91CF-485F-BA1C-B86743D9DA36}
		{EDC60753-C4C9-4083-8BB2-BED40BF0BB44} = {DA098E65-91CF-485F-BA1C-B86743D9DA36}
		{E0240C24-D2B6-4702-A74E-D26E192815ED} = {DA098E65-91CF-485F-BA1C-B86743D9DA36}
		{226EBD4E-30F3-4013-AEBD-F0CFA37D273B} = {DA098E65-91CF-485F-BA1C-B86743D9DA36}
		{FB9776BC-BE9E-4A1D-832F-16532B3FA4CC} = {DA098E65-91CF-485F-BA1C-B86743D9DA36}
		{96C69397-08E1-4C60-87F7-4D62909AD6EE} = {DA098E65-91CF-485F-BA1C-B86743D9DA36}
		{F8C5A2F6-1642-4447-BB48-9A0C8A34DC65} = {46D5F470-D426-42B6-81D2-0A570CC09C53}
		{9B496286-2825-4D30-8D55-5036F94BDD83} = {46D5F470-D426-42B6-81D2-0A570CC09C53}
		{D89B4068-63E3-4C12-B252-C89FCE5CEBE9} = {46D5F470-D426-42B6-81D2-0A570CC09C53}
		{F136FA48-7613-4005-9BE6-981BF2FFD87E} = {46D5F470-D426-42B6-81D2-0A570CC09C53}
		{B8EFDFCB-20D8-4FF2-B3DD-E221A4038D69} = {F8C5A2F6-1642-4447-BB48-9A0C8A34DC65}
		{E4E885EF-DB91-4A02-862F-0DD1BB1FA9D2} = {F8C5A2F6-1642-4447-BB48-9A0C8A34DC65}
		{90BCE43D-D875-4F9C-BC03-32439B3228EC} = {9B496286-2825-4D30-8D55-5036F94BDD83}
		{5C04C02A-4D49-450A-B8BF-16494F9AD2ED} = {9B496286-2825-4D30-8D55-5036F94BDD83}
		{CDCDF3F9-04FC-477B-A010-0000B8150DD6} = {D89B4068-63E3-4C12-B252-C89FCE5CEBE9}
		{DCF6F313-F5B8-4E0E-B828-9C140813C5F8} = {D89B4068-63E3-4C12-B252-C89FCE5CEBE9}
		{44E9AEEE-72A8-4872-A748-5FC3F6A5EFF7} = {F136FA48-7613-4005-9BE6-981BF2FFD87E}
		{89EB130C-4236-406E-884B-5ED05E04783C} = {F136FA48-7613-4005-9BE6-981BF2FFD87E}
		{FED752C4-648B-4621-915F-903127211583} = {F136FA48-7613-4005-9BE6-981BF2FFD87E}
		{FCCBC6E9-7932-4F70-98A6-62B08C8CFDAA} = {F8C5A2F6-1642-4447-BB48-9A0C8A34DC65}
		{753A8A85-97F7-4096-82A2-8A2BC01F5DFE} = {54ED3C4F-EEF9-42E6-8720-4B5BD9DE085C}
		{0F8139BB-14CB-405E-8E8C-9552711BB137} = {C00570EF-48AC-48FB-A576-D6D73AF83A09}
		{52ABB26D-8EF3-4874-99B5-198D6B71ED11} = {C00570EF-48AC-48FB-A576-D6D73AF83A09}
		{62785EC2-56B9-48AB-A8CC-D95F62148FB8} = {C00570EF-48AC-48FB-A576-D6D73AF83A09}
	EndGlobalSection
	GlobalSection(ExtensibilityGlobals) = postSolution
		SolutionGuid = {6E7C563D-9685-4019-B029-EB1D99904F0D}
	EndGlobalSection
EndGlobal
